// !$*UTF8*$!
{
	archiveVersion = 1;
	classes = {
	};
	objectVersion = 50;
	objects = {

/* Begin PBXBuildFile section */
		ED8AA19C24E7EE0700E469BC /* MenuView.swift in Sources */ = {isa = PBXBuildFile; fileRef = ED8AA19B24E7EE0700E469BC /* MenuView.swift */; };
		ED8AA19E24E7F5AB00E469BC /* MainView.swift in Sources */ = {isa = PBXBuildFile; fileRef = ED8AA19D24E7F5AB00E469BC /* MainView.swift */; };
		ED8AA1A024E7FE3F00E469BC /* GameNameView.swift in Sources */ = {isa = PBXBuildFile; fileRef = ED8AA19F24E7FE3F00E469BC /* GameNameView.swift */; };
		ED9D404B24E55BDC00E7EC74 /* AppDelegate.swift in Sources */ = {isa = PBXBuildFile; fileRef = ED9D404A24E55BDC00E7EC74 /* AppDelegate.swift */; };
		ED9D404D24E55BDC00E7EC74 /* SceneDelegate.swift in Sources */ = {isa = PBXBuildFile; fileRef = ED9D404C24E55BDC00E7EC74 /* SceneDelegate.swift */; };
		ED9D404F24E55BDC00E7EC74 /* GameView.swift in Sources */ = {isa = PBXBuildFile; fileRef = ED9D404E24E55BDC00E7EC74 /* GameView.swift */; };
		ED9D405124E55BE400E7EC74 /* Assets.xcassets in Resources */ = {isa = PBXBuildFile; fileRef = ED9D405024E55BE400E7EC74 /* Assets.xcassets */; };
		ED9D405424E55BE400E7EC74 /* Preview Assets.xcassets in Resources */ = {isa = PBXBuildFile; fileRef = ED9D405324E55BE400E7EC74 /* Preview Assets.xcassets */; };
		ED9D405724E55BE400E7EC74 /* LaunchScreen.storyboard in Resources */ = {isa = PBXBuildFile; fileRef = ED9D405524E55BE400E7EC74 /* LaunchScreen.storyboard */; };
		ED9D405F24E55D4100E7EC74 /* ProgressView.swift in Sources */ = {isa = PBXBuildFile; fileRef = ED9D405E24E55D4100E7EC74 /* ProgressView.swift */; };
		EDB17D0024E69B1A0031A77E /* LooseView.swift in Sources */ = {isa = PBXBuildFile; fileRef = EDB17CFF24E69B1A0031A77E /* LooseView.swift */; };
/* End PBXBuildFile section */

/* Begin PBXFileReference section */
		ED8AA19B24E7EE0700E469BC /* MenuView.swift */ = {isa = PBXFileReference; lastKnownFileType = sourcecode.swift; path = MenuView.swift; sourceTree = "<group>"; };
		ED8AA19D24E7F5AB00E469BC /* MainView.swift */ = {isa = PBXFileReference; lastKnownFileType = sourcecode.swift; path = MainView.swift; sourceTree = "<group>"; };
		ED8AA19F24E7FE3F00E469BC /* GameNameView.swift */ = {isa = PBXFileReference; lastKnownFileType = sourcecode.swift; path = GameNameView.swift; sourceTree = "<group>"; };
		ED9D404724E55BDC00E7EC74 /* tapMe.app */ = {isa = PBXFileReference; explicitFileType = wrapper.application; includeInIndex = 0; path = tapMe.app; sourceTree = BUILT_PRODUCTS_DIR; };
		ED9D404A24E55BDC00E7EC74 /* AppDelegate.swift */ = {isa = PBXFileReference; lastKnownFileType = sourcecode.swift; path = AppDelegate.swift; sourceTree = "<group>"; };
		ED9D404C24E55BDC00E7EC74 /* SceneDelegate.swift */ = {isa = PBXFileReference; lastKnownFileType = sourcecode.swift; path = SceneDelegate.swift; sourceTree = "<group>"; };
		ED9D404E24E55BDC00E7EC74 /* GameView.swift */ = {isa = PBXFileReference; lastKnownFileType = sourcecode.swift; path = GameView.swift; sourceTree = "<group>"; };
		ED9D405024E55BE400E7EC74 /* Assets.xcassets */ = {isa = PBXFileReference; lastKnownFileType = folder.assetcatalog; path = Assets.xcassets; sourceTree = "<group>"; };
		ED9D405324E55BE400E7EC74 /* Preview Assets.xcassets */ = {isa = PBXFileReference; lastKnownFileType = folder.assetcatalog; path = "Preview Assets.xcassets"; sourceTree = "<group>"; };
		ED9D405624E55BE400E7EC74 /* Base */ = {isa = PBXFileReference; lastKnownFileType = file.storyboard; name = Base; path = Base.lproj/LaunchScreen.storyboard; sourceTree = "<group>"; };
		ED9D405824E55BE400E7EC74 /* Info.plist */ = {isa = PBXFileReference; lastKnownFileType = text.plist.xml; path = Info.plist; sourceTree = "<group>"; };
		ED9D405E24E55D4100E7EC74 /* ProgressView.swift */ = {isa = PBXFileReference; lastKnownFileType = sourcecode.swift; path = ProgressView.swift; sourceTree = "<group>"; };
		EDB17CFF24E69B1A0031A77E /* LooseView.swift */ = {isa = PBXFileReference; lastKnownFileType = sourcecode.swift; path = LooseView.swift; sourceTree = "<group>"; };
/* End PBXFileReference section */

/* Begin PBXFrameworksBuildPhase section */
		ED9D404424E55BDC00E7EC74 /* Frameworks */ = {
			isa = PBXFrameworksBuildPhase;
			buildActionMask = 2147483647;
			files = (
			);
			runOnlyForDeploymentPostprocessing = 0;
		};
/* End PBXFrameworksBuildPhase section */

/* Begin PBXGroup section */
		ED0168FC24E695C400082D3B /* View */ = {
			isa = PBXGroup;
			children = (
				ED8AA19D24E7F5AB00E469BC /* MainView.swift */,
				ED9D405E24E55D4100E7EC74 /* ProgressView.swift */,
				ED9D404E24E55BDC00E7EC74 /* GameView.swift */,
				EDB17CFF24E69B1A0031A77E /* LooseView.swift */,
				ED8AA19B24E7EE0700E469BC /* MenuView.swift */,
				ED8AA19F24E7FE3F00E469BC /* GameNameView.swift */,
			);
			path = View;
			sourceTree = "<group>";
		};
		ED9D403E24E55BDC00E7EC74 = {
			isa = PBXGroup;
			children = (
				ED9D404924E55BDC00E7EC74 /* tapMe */,
				ED9D404824E55BDC00E7EC74 /* Products */,
			);
			sourceTree = "<group>";
		};
		ED9D404824E55BDC00E7EC74 /* Products */ = {
			isa = PBXGroup;
			children = (
				ED9D404724E55BDC00E7EC74 /* tapMe.app */,
			);
			name = Products;
			sourceTree = "<group>";
		};
		ED9D404924E55BDC00E7EC74 /* tapMe */ = {
			isa = PBXGroup;
			children = (
				ED0168FC24E695C400082D3B /* View */,
				ED9D404A24E55BDC00E7EC74 /* AppDelegate.swift */,
				ED9D404C24E55BDC00E7EC74 /* SceneDelegate.swift */,
				ED9D405024E55BE400E7EC74 /* Assets.xcassets */,
				ED9D405524E55BE400E7EC74 /* LaunchScreen.storyboard */,
				ED9D405824E55BE400E7EC74 /* Info.plist */,
				ED9D405224E55BE400E7EC74 /* Preview Content */,
			);
			path = tapMe;
			sourceTree = "<group>";
		};
		ED9D405224E55BE400E7EC74 /* Preview Content */ = {
			isa = PBXGroup;
			children = (
				ED9D405324E55BE400E7EC74 /* Preview Assets.xcassets */,
			);
			path = "Preview Content";
			sourceTree = "<group>";
		};
/* End PBXGroup section */

/* Begin PBXNativeTarget section */
		ED9D404624E55BDC00E7EC74 /* tapMe */ = {
			isa = PBXNativeTarget;
			buildConfigurationList = ED9D405B24E55BE400E7EC74 /* Build configuration list for PBXNativeTarget "tapMe" */;
			buildPhases = (
				ED9D404324E55BDC00E7EC74 /* Sources */,
				ED9D404424E55BDC00E7EC74 /* Frameworks */,
				ED9D404524E55BDC00E7EC74 /* Resources */,
			);
			buildRules = (
			);
			dependencies = (
			);
			name = tapMe;
			productName = tapMe;
			productReference = ED9D404724E55BDC00E7EC74 /* tapMe.app */;
			productType = "com.apple.product-type.application";
		};
/* End PBXNativeTarget section */

/* Begin PBXProject section */
		ED9D403F24E55BDC00E7EC74 /* Project object */ = {
			isa = PBXProject;
			attributes = {
				LastSwiftUpdateCheck = 1150;
				LastUpgradeCheck = 1150;
				ORGANIZATIONNAME = "Кирилл";
				TargetAttributes = {
					ED9D404624E55BDC00E7EC74 = {
						CreatedOnToolsVersion = 11.5;
					};
				};
			};
			buildConfigurationList = ED9D404224E55BDC00E7EC74 /* Build configuration list for PBXProject "tapMe" */;
			compatibilityVersion = "Xcode 9.3";
			developmentRegion = en;
			hasScannedForEncodings = 0;
			knownRegions = (
				en,
				Base,
			);
			mainGroup = ED9D403E24E55BDC00E7EC74;
			productRefGroup = ED9D404824E55BDC00E7EC74 /* Products */;
			projectDirPath = "";
			projectRoot = "";
			targets = (
				ED9D404624E55BDC00E7EC74 /* tapMe */,
			);
		};
/* End PBXProject section */

/* Begin PBXResourcesBuildPhase section */
		ED9D404524E55BDC00E7EC74 /* Resources */ = {
			isa = PBXResourcesBuildPhase;
			buildActionMask = 2147483647;
			files = (
				ED9D405724E55BE400E7EC74 /* LaunchScreen.storyboard in Resources */,
				ED9D405424E55BE400E7EC74 /* Preview Assets.xcassets in Resources */,
				ED9D405124E55BE400E7EC74 /* Assets.xcassets in Resources */,
			);
			runOnlyForDeploymentPostprocessing = 0;
		};
/* End PBXResourcesBuildPhase section */

/* Begin PBXSourcesBuildPhase section */
		ED9D404324E55BDC00E7EC74 /* Sources */ = {
			isa = PBXSourcesBuildPhase;
			buildActionMask = 2147483647;
			files = (
				ED8AA19C24E7EE0700E469BC /* MenuView.swift in Sources */,
				EDB17D0024E69B1A0031A77E /* LooseView.swift in Sources */,
				ED9D404B24E55BDC00E7EC74 /* AppDelegate.swift in Sources */,
				ED8AA1A024E7FE3F00E469BC /* GameNameView.swift in Sources */,
				ED9D404D24E55BDC00E7EC74 /* SceneDelegate.swift in Sources */,
				ED9D405F24E55D4100E7EC74 /* ProgressView.swift in Sources */,
				ED8AA19E24E7F5AB00E469BC /* MainView.swift in Sources */,
				ED9D404F24E55BDC00E7EC74 /* GameView.swift in Sources */,
			);
			runOnlyForDeploymentPostprocessing = 0;
		};
/* End PBXSourcesBuildPhase section */

/* Begin PBXVariantGroup section */
		ED9D405524E55BE400E7EC74 /* LaunchScreen.storyboard */ = {
			isa = PBXVariantGroup;
			children = (
				ED9D405624E55BE400E7EC74 /* Base */,
			);
			name = LaunchScreen.storyboard;
			sourceTree = "<group>";
		};
/* End PBXVariantGroup section */

/* Begin XCBuildConfiguration section */
		ED9D405924E55BE400E7EC74 /* Debug */ = {
			isa = XCBuildConfiguration;
			buildSettings = {
				ALWAYS_SEARCH_USER_PATHS = NO;
				CLANG_ANALYZER_NONNULL = YES;
				CLANG_ANALYZER_NUMBER_OBJECT_CONVERSION = YES_AGGRESSIVE;
				CLANG_CXX_LANGUAGE_STANDARD = "gnu++14";
				CLANG_CXX_LIBRARY = "libc++";
				CLANG_ENABLE_MODULES = YES;
				CLANG_ENABLE_OBJC_ARC = YES;
				CLANG_ENABLE_OBJC_WEAK = YES;
				CLANG_WARN_BLOCK_CAPTURE_AUTORELEASING = YES;
				CLANG_WARN_BOOL_CONVERSION = YES;
				CLANG_WARN_COMMA = YES;
				CLANG_WARN_CONSTANT_CONVERSION = YES;
				CLANG_WARN_DEPRECATED_OBJC_IMPLEMENTATIONS = YES;
				CLANG_WARN_DIRECT_OBJC_ISA_USAGE = YES_ERROR;
				CLANG_WARN_DOCUMENTATION_COMMENTS = YES;
				CLANG_WARN_EMPTY_BODY = YES;
				CLANG_WARN_ENUM_CONVERSION = YES;
				CLANG_WARN_INFINITE_RECURSION = YES;
				CLANG_WARN_INT_CONVERSION = YES;
				CLANG_WARN_NON_LITERAL_NULL_CONVERSION = YES;
				CLANG_WARN_OBJC_IMPLICIT_RETAIN_SELF = YES;
				CLANG_WARN_OBJC_LITERAL_CONVERSION = YES;
				CLANG_WARN_OBJC_ROOT_CLASS = YES_ERROR;
				CLANG_WARN_RANGE_LOOP_ANALYSIS = YES;
				CLANG_WARN_STRICT_PROTOTYPES = YES;
				CLANG_WARN_SUSPICIOUS_MOVE = YES;
				CLANG_WARN_UNGUARDED_AVAILABILITY = YES_AGGRESSIVE;
				CLANG_WARN_UNREACHABLE_CODE = YES;
				CLANG_WARN__DUPLICATE_METHOD_MATCH = YES;
				COPY_PHASE_STRIP = NO;
				DEBUG_INFORMATION_FORMAT = dwarf;
				ENABLE_STRICT_OBJC_MSGSEND = YES;
				ENABLE_TESTABILITY = YES;
				GCC_C_LANGUAGE_STANDARD = gnu11;
				GCC_DYNAMIC_NO_PIC = NO;
				GCC_NO_COMMON_BLOCKS = YES;
				GCC_OPTIMIZATION_LEVEL = 0;
				GCC_PREPROCESSOR_DEFINITIONS = (
					"DEBUG=1",
					"$(inherited)",
				);
				GCC_WARN_64_TO_32_BIT_CONVERSION = YES;
				GCC_WARN_ABOUT_RETURN_TYPE = YES_ERROR;
				GCC_WARN_UNDECLARED_SELECTOR = YES;
				GCC_WARN_UNINITIALIZED_AUTOS = YES_AGGRESSIVE;
				GCC_WARN_UNUSED_FUNCTION = YES;
				GCC_WARN_UNUSED_VARIABLE = YES;
				IPHONEOS_DEPLOYMENT_TARGET = 13.5;
				MTL_ENABLE_DEBUG_INFO = INCLUDE_SOURCE;
				MTL_FAST_MATH = YES;
				ONLY_ACTIVE_ARCH = YES;
				SDKROOT = iphoneos;
				SWIFT_ACTIVE_COMPILATION_CONDITIONS = DEBUG;
				SWIFT_OPTIMIZATION_LEVEL = "-Onone";
			};
			name = Debug;
		};
		ED9D405A24E55BE400E7EC74 /* Release */ = {
			isa = XCBuildConfiguration;
			buildSettings = {
				ALWAYS_SEARCH_USER_PATHS = NO;
				CLANG_ANALYZER_NONNULL = YES;
				CLANG_ANALYZER_NUMBER_OBJECT_CONVERSION = YES_AGGRESSIVE;
				CLANG_CXX_LANGUAGE_STANDARD = "gnu++14";
				CLANG_CXX_LIBRARY = "libc++";
				CLANG_ENABLE_MODULES = YES;
				CLANG_ENABLE_OBJC_ARC = YES;
				CLANG_ENABLE_OBJC_WEAK = YES;
				CLANG_WARN_BLOCK_CAPTURE_AUTORELEASING = YES;
				CLANG_WARN_BOOL_CONVERSION = YES;
				CLANG_WARN_COMMA = YES;
				CLANG_WARN_CONSTANT_CONVERSION = YES;
				CLANG_WARN_DEPRECATED_OBJC_IMPLEMENTATIONS = YES;
				CLANG_WARN_DIRECT_OBJC_ISA_USAGE = YES_ERROR;
				CLANG_WARN_DOCUMENTATION_COMMENTS = YES;
				CLANG_WARN_EMPTY_BODY = YES;
				CLANG_WARN_ENUM_CONVERSION = YES;
				CLANG_WARN_INFINITE_RECURSION = YES;
				CLANG_WARN_INT_CONVERSION = YES;
				CLANG_WARN_NON_LITERAL_NULL_CONVERSION = YES;
				CLANG_WARN_OBJC_IMPLICIT_RETAIN_SELF = YES;
				CLANG_WARN_OBJC_LITERAL_CONVERSION = YES;
				CLANG_WARN_OBJC_ROOT_CLASS = YES_ERROR;
				CLANG_WARN_RANGE_LOOP_ANALYSIS = YES;
				CLANG_WARN_STRICT_PROTOTYPES = YES;
				CLANG_WARN_SUSPICIOUS_MOVE = YES;
				CLANG_WARN_UNGUARDED_AVAILABILITY = YES_AGGRESSIVE;
				CLANG_WARN_UNREACHABLE_CODE = YES;
				CLANG_WARN__DUPLICATE_METHOD_MATCH = YES;
				COPY_PHASE_STRIP = NO;
				DEBUG_INFORMATION_FORMAT = "dwarf-with-dsym";
				ENABLE_NS_ASSERTIONS = NO;
				ENABLE_STRICT_OBJC_MSGSEND = YES;
				GCC_C_LANGUAGE_STANDARD = gnu11;
				GCC_NO_COMMON_BLOCKS = YES;
				GCC_WARN_64_TO_32_BIT_CONVERSION = YES;
				GCC_WARN_ABOUT_RETURN_TYPE = YES_ERROR;
				GCC_WARN_UNDECLARED_SELECTOR = YES;
				GCC_WARN_UNINITIALIZED_AUTOS = YES_AGGRESSIVE;
				GCC_WARN_UNUSED_FUNCTION = YES;
				GCC_WARN_UNUSED_VARIABLE = YES;
				IPHONEOS_DEPLOYMENT_TARGET = 13.5;
				MTL_ENABLE_DEBUG_INFO = NO;
				MTL_FAST_MATH = YES;
				SDKROOT = iphoneos;
				SWIFT_COMPILATION_MODE = wholemodule;
				SWIFT_OPTIMIZATION_LEVEL = "-O";
				VALIDATE_PRODUCT = YES;
			};
			name = Release;
		};
		ED9D405C24E55BE400E7EC74 /* Debug */ = {
			isa = XCBuildConfiguration;
			buildSettings = {
				ASSETCATALOG_COMPILER_APPICON_NAME = AppIcon;
				CODE_SIGN_STYLE = Automatic;
				DEVELOPMENT_ASSET_PATHS = "\"tapMe/Preview Content\"";
				DEVELOPMENT_TEAM = ZQ27S689GF;
				ENABLE_PREVIEWS = YES;
				INFOPLIST_FILE = tapMe/Info.plist;
				IPHONEOS_DEPLOYMENT_TARGET = 13.0;
				LD_RUNPATH_SEARCH_PATHS = (
					"$(inherited)",
					"@executable_path/Frameworks",
				);
				PRODUCT_BUNDLE_IDENTIFIER = kiraykor.tapMe;
				PRODUCT_NAME = "$(TARGET_NAME)";
				SWIFT_VERSION = 5.0;
				TARGETED_DEVICE_FAMILY = "1,2";
			};
			name = Debug;
		};
		ED9D405D24E55BE400E7EC74 /* Release */ = {
			isa = XCBuildConfiguration;
			buildSettings = {
				ASSETCATALOG_COMPILER_APPICON_NAME = AppIcon;
				CODE_SIGN_STYLE = Automatic;
				DEVELOPMENT_ASSET_PATHS = "\"tapMe/Preview Content\"";
				DEVELOPMENT_TEAM = ZQ27S689GF;
				ENABLE_PREVIEWS = YES;
				INFOPLIST_FILE = tapMe/Info.plist;
				IPHONEOS_DEPLOYMENT_TARGET = 13.0;
				LD_RUNPATH_SEARCH_PATHS = (
					"$(inherited)",
					"@executable_path/Frameworks",
				);
				PRODUCT_BUNDLE_IDENTIFIER = kiraykor.tapMe;
				PRODUCT_NAME = "$(TARGET_NAME)";
				SWIFT_VERSION = 5.0;
				TARGETED_DEVICE_FAMILY = "1,2";
			};
			name = Release;
		};
/* End XCBuildConfiguration section */

/* Begin XCConfigurationList section */
		ED9D404224E55BDC00E7EC74 /* Build configuration list for PBXProject "tapMe" */ = {
			isa = XCConfigurationList;
			buildConfigurations = (
				ED9D405924E55BE400E7EC74 /* Debug */,
				ED9D405A24E55BE400E7EC74 /* Release */,
			);
			defaultConfigurationIsVisible = 0;
			defaultConfigurationName = Release;
		};
		ED9D405B24E55BE400E7EC74 /* Build configuration list for PBXNativeTarget "tapMe" */ = {
			isa = XCConfigurationList;
			buildConfigurations = (
				ED9D405C24E55BE400E7EC74 /* Debug */,
				ED9D405D24E55BE400E7EC74 /* Release */,
			);
			defaultConfigurationIsVisible = 0;
			defaultConfigurationName = Release;
		};
/* End XCConfigurationList section */
	};
	rootObject = ED9D403F24E55BDC00E7EC74 /* Project object */;
}
